
Microsoft Visual Studio Solution File, Format Version 12.00
# Visual Studio Version 17
VisualStudioVersion = 17.0.31903.59
MinimumVisualStudioVersion = 10.0.40219.1
Project("{2150E333-8FDC-42A3-9474-1A3956D46DE8}") = "src", "src", "{8D607753-C75C-4D65-A9EC-5C98ECF323FB}"
EndProject
Project("{FAE04EC0-301F-11D3-BF4B-00C04F79EFBC}") = "GradeBook", "src\GradeBook\GradeBook.csproj", "{44B2FC77-12CA-4E74-827B-09A9BEC1E243}"
EndProject
Project("{2150E333-8FDC-42A3-9474-1A3956D46DE8}") = "test", "test", "{E94216AA-AF50-49FC-8921-95691BA24B99}"
EndProject
Project("{FAE04EC0-301F-11D3-BF4B-00C04F79EFBC}") = "Gradebook.Tests", "test\GradeBook.Tests\Gradebook.Tests.csproj", "{2D02853E-933B-4CE7-8DC4-E28C6DEB5E85}"
EndProject
Global
	GlobalSection(SolutionConfigurationPlatforms) = preSolution
		Debug|Any CPU = Debug|Any CPU
		Release|Any CPU = Release|Any CPU
	EndGlobalSection
	GlobalSection(SolutionProperties) = preSolution
		HideSolutionNode = FALSE
	EndGlobalSection
	GlobalSection(ProjectConfigurationPlatforms) = postSolution
		{44B2FC77-12CA-4E74-827B-09A9BEC1E243}.Debug|Any CPU.ActiveCfg = Debug|Any CPU
		{44B2FC77-12CA-4E74-827B-09A9BEC1E243}.Debug|Any CPU.Build.0 = Debug|Any CPU
		{44B2FC77-12CA-4E74-827B-09A9BEC1E243}.Release|Any CPU.ActiveCfg = Release|Any CPU
		{44B2FC77-12CA-4E74-827B-09A9BEC1E243}.Release|Any CPU.Build.0 = Release|Any CPU
		{2D02853E-933B-4CE7-8DC4-E28C6DEB5E85}.Debug|Any CPU.ActiveCfg = Debug|Any CPU
		{2D02853E-933B-4CE7-8DC4-E28C6DEB5E85}.Debug|Any CPU.Build.0 = Debug|Any CPU
		{2D02853E-933B-4CE7-8DC4-E28C6DEB5E85}.Release|Any CPU.ActiveCfg = Release|Any CPU
		{2D02853E-933B-4CE7-8DC4-E28C6DEB5E85}.Release|Any CPU.Build.0 = Release|Any CPU
	EndGlobalSection
	GlobalSection(NestedProjects) = preSolution
		{44B2FC77-12CA-4E74-827B-09A9BEC1E243} = {8D607753-C75C-4D65-A9EC-5C98ECF323FB}
		{2D02853E-933B-4CE7-8DC4-E28C6DEB5E85} = {E94216AA-AF50-49FC-8921-95691BA24B99}
	EndGlobalSection
EndGlobal
